
Microsoft Visual Studio Solution File, Format Version 12.00
# Visual Studio Version 17
VisualStudioVersion = 17.4.33122.133
MinimumVisualStudioVersion = 10.0.40219.1
Project("{9A19103F-16F7-4668-BE54-9A1E7A4F7556}") = "ControllerProject", "ControllerProject\ControllerProject.csproj", "{DB605618-CF35-4D84-B02B-F48B4644F39A}"
EndProject
Project("{9A19103F-16F7-4668-BE54-9A1E7A4F7556}") = "ViewModelProject", "ViewModelProject\ViewModelProject.csproj", "{E1E99970-95F0-459E-B27D-14A9788AB747}"
EndProject
Project("{9A19103F-16F7-4668-BE54-9A1E7A4F7556}") = "PiataraApp", "PitaraApp\PiataraApp.csproj", "{CEAF8E63-66D4-4C3D-8245-2DC1EE18F657}"
EndProject
Project("{9A19103F-16F7-4668-BE54-9A1E7A4F7556}") = "CommonProject", "CommonProject\CommonProject.csproj", "{986F228A-0A04-4F80-9735-CC93B56A4CA0}"
EndProject
Project("{FAE04EC0-301F-11D3-BF4B-00C04F79EFBC}") = "Tests", "Tests\Tests.csproj", "{EE2B74AF-633F-4F12-B8D0-6C33816FF88E}"
EndProject
Global
	GlobalSection(SolutionConfigurationPlatforms) = preSolution
		Debug|Any CPU = Debug|Any CPU
		Release|Any CPU = Release|Any CPU
	EndGlobalSection
	GlobalSection(ProjectConfigurationPlatforms) = postSolution
		{DB605618-CF35-4D84-B02B-F48B4644F39A}.Debug|Any CPU.ActiveCfg = Debug|Any CPU
		{DB605618-CF35-4D84-B02B-F48B4644F39A}.Debug|Any CPU.Build.0 = Debug|Any CPU
		{DB605618-CF35-4D84-B02B-F48B4644F39A}.Release|Any CPU.ActiveCfg = Release|Any CPU
		{DB605618-CF35-4D84-B02B-F48B4644F39A}.Release|Any CPU.Build.0 = Release|Any CPU
		{E1E99970-95F0-459E-B27D-14A9788AB747}.Debug|Any CPU.ActiveCfg = Debug|Any CPU
		{E1E99970-95F0-459E-B27D-14A9788AB747}.Debug|Any CPU.Build.0 = Debug|Any CPU
		{E1E99970-95F0-459E-B27D-14A9788AB747}.Release|Any CPU.ActiveCfg = Release|Any CPU
		{E1E99970-95F0-459E-B27D-14A9788AB747}.Release|Any CPU.Build.0 = Release|Any CPU
		{DD27B773-8E46-4337-978E-3D9904A74967}.Debug|Any CPU.ActiveCfg = Debug|Any CPU
		{DD27B773-8E46-4337-978E-3D9904A74967}.Debug|Any CPU.Build.0 = Debug|Any CPU
		{DD27B773-8E46-4337-978E-3D9904A74967}.Release|Any CPU.ActiveCfg = Release|Any CPU
		{DD27B773-8E46-4337-978E-3D9904A74967}.Release|Any CPU.Build.0 = Release|Any CPU
		{CEAF8E63-66D4-4C3D-8245-2DC1EE18F657}.Debug|Any CPU.ActiveCfg = Debug|Any CPU
		{CEAF8E63-66D4-4C3D-8245-2DC1EE18F657}.Debug|Any CPU.Build.0 = Debug|Any CPU
		{CEAF8E63-66D4-4C3D-8245-2DC1EE18F657}.Release|Any CPU.ActiveCfg = Release|Any CPU
		{CEAF8E63-66D4-4C3D-8245-2DC1EE18F657}.Release|Any CPU.Build.0 = Release|Any CPU
		{986F228A-0A04-4F80-9735-CC93B56A4CA0}.Debug|Any CPU.ActiveCfg = Debug|Any CPU
		{986F228A-0A04-4F80-9735-CC93B56A4CA0}.Debug|Any CPU.Build.0 = Debug|Any CPU
		{986F228A-0A04-4F80-9735-CC93B56A4CA0}.Release|Any CPU.ActiveCfg = Release|Any CPU
		{986F228A-0A04-4F80-9735-CC93B56A4CA0}.Release|Any CPU.Build.0 = Release|Any CPU
		{EE2B74AF-633F-4F12-B8D0-6C33816FF88E}.Debug|Any CPU.ActiveCfg = Debug|Any CPU
		{EE2B74AF-633F-4F12-B8D0-6C33816FF88E}.Debug|Any CPU.Build.0 = Debug|Any CPU
		{EE2B74AF-633F-4F12-B8D0-6C33816FF88E}.Release|Any CPU.ActiveCfg = Release|Any CPU
		{EE2B74AF-633F-4F12-B8D0-6C33816FF88E}.Release|Any CPU.Build.0 = Release|Any CPU
	EndGlobalSection
	GlobalSection(SolutionProperties) = preSolution
		HideSolutionNode = FALSE
	EndGlobalSection
	GlobalSection(ExtensibilityGlobals) = postSolution
		SolutionGuid = {7C0373E7-5ACE-470F-B24C-D26034F667DC}
	EndGlobalSection
EndGlobal
